// !$*UTF8*$!
{
	archiveVersion = 1;
	classes = {
	};
	objectVersion = 46;
	objects = {

/* Begin PBXBuildFile section */
		259A87E21BE28FD3000FE584 /* CreateAccountViewController.m in Sources */ = {isa = PBXBuildFile; fileRef = 259A87E11BE28FD3000FE584 /* CreateAccountViewController.m */; };
		25CECA9E1BE397D100B4EA0C /* Security.framework in Frameworks */ = {isa = PBXBuildFile; fileRef = 25CECA9D1BE397D100B4EA0C /* Security.framework */; };
		25CECAA81BE3A01100B4EA0C /* Info.plist in Resources */ = {isa = PBXBuildFile; fileRef = 25CECAA51BE3A01100B4EA0C /* Info.plist */; };
		25CECAA91BE3A01100B4EA0C /* UICKeyChainStore.m in Sources */ = {isa = PBXBuildFile; fileRef = 25CECAA71BE3A01100B4EA0C /* UICKeyChainStore.m */; };
		520D8C611AB0BA8700E6C1F8 /* LoginViewController.m in Sources */ = {isa = PBXBuildFile; fileRef = 520D8C601AB0BA8700E6C1F8 /* LoginViewController.m */; };
		5228F9471ABB4BB900DBD261 /* Default.png in Resources */ = {isa = PBXBuildFile; fileRef = 5228F9451ABB4BB900DBD261 /* Default.png */; };
		5228F9481ABB4BB900DBD261 /* Default@2x.png in Resources */ = {isa = PBXBuildFile; fileRef = 5228F9461ABB4BB900DBD261 /* Default@2x.png */; };
		5228F94A1ABB4F5600DBD261 /* splash_320x480.png in Resources */ = {isa = PBXBuildFile; fileRef = 5228F9491ABB4F5600DBD261 /* splash_320x480.png */; };
		523FD7FC1AB0C44C009F63A7 /* Message.m in Sources */ = {isa = PBXBuildFile; fileRef = 523FD7FB1AB0C44C009F63A7 /* Message.m */; };
		5242FB741A8CE02B003E088C /* main.m in Sources */ = {isa = PBXBuildFile; fileRef = 5242FB731A8CE02B003E088C /* main.m */; };
		5242FB771A8CE02B003E088C /* AppDelegate.m in Sources */ = {isa = PBXBuildFile; fileRef = 5242FB761A8CE02B003E088C /* AppDelegate.m */; };
		5242FB7D1A8CE02B003E088C /* Main.storyboard in Resources */ = {isa = PBXBuildFile; fileRef = 5242FB7B1A8CE02B003E088C /* Main.storyboard */; };
		5242FB7F1A8CE02B003E088C /* Images.xcassets in Resources */ = {isa = PBXBuildFile; fileRef = 5242FB7E1A8CE02B003E088C /* Images.xcassets */; };
		5242FB821A8CE02B003E088C /* LaunchScreen.xib in Resources */ = {isa = PBXBuildFile; fileRef = 5242FB801A8CE02B003E088C /* LaunchScreen.xib */; };
		5242FB8E1A8CE02B003E088C /* frebbleTests.m in Sources */ = {isa = PBXBuildFile; fileRef = 5242FB8D1A8CE02B003E088C /* frebbleTests.m */; };
		528208061AB0B26100AB3806 /* UIViewControllerFrebble.m in Sources */ = {isa = PBXBuildFile; fileRef = 528208051AB0B26100AB3806 /* UIViewControllerFrebble.m */; };
		52AF913A1ABB44CF00AE58B1 /* icon_76.png in Resources */ = {isa = PBXBuildFile; fileRef = 52AF91371ABB44CF00AE58B1 /* icon_76.png */; };
		52AF913B1ABB44CF00AE58B1 /* icon_120.png in Resources */ = {isa = PBXBuildFile; fileRef = 52AF91381ABB44CF00AE58B1 /* icon_120.png */; };
		52AF913C1ABB44CF00AE58B1 /* icon_152.png in Resources */ = {isa = PBXBuildFile; fileRef = 52AF91391ABB44CF00AE58B1 /* icon_152.png */; };
		52C0F3571AA8BFE50004C9D2 /* Connection.m in Sources */ = {isa = PBXBuildFile; fileRef = 52C0F3561AA8BFE50004C9D2 /* Connection.m */; };
		52C812F61AB9A8F400946E8E /* balletjes.png in Resources */ = {isa = PBXBuildFile; fileRef = 52C812F51AB9A8F400946E8E /* balletjes.png */; };
		52C812F81AB9B08300946E8E /* button.png in Resources */ = {isa = PBXBuildFile; fileRef = 52C812F71AB9B08300946E8E /* button.png */; };
		52C8B7521AB3899F00861213 /* InvitingViewController.m in Sources */ = {isa = PBXBuildFile; fileRef = 52C8B7511AB3899F00861213 /* InvitingViewController.m */; };
		52C8B7551AB41CBE00861213 /* InvitedViewController.m in Sources */ = {isa = PBXBuildFile; fileRef = 52C8B7541AB41CBE00861213 /* InvitedViewController.m */; };
		52C8B7581AB6140B00861213 /* SessionViewController.m in Sources */ = {isa = PBXBuildFile; fileRef = 52C8B7571AB6140B00861213 /* SessionViewController.m */; };
		52D7B4511AB75A750057E785 /* FrebbleConnectViewController.m in Sources */ = {isa = PBXBuildFile; fileRef = 52D7B44F1AB75A750057E785 /* FrebbleConnectViewController.m */; };
		52D7B4521AB75A750057E785 /* FrebbleConnectViewController.xib in Resources */ = {isa = PBXBuildFile; fileRef = 52D7B4501AB75A750057E785 /* FrebbleConnectViewController.xib */; };
		52D7CC271A91FF190036955A /* Frebble.m in Sources */ = {isa = PBXBuildFile; fileRef = 52D7CC261A91FF190036955A /* Frebble.m */; };
		52DBD1A91A8E003900384C8F /* FrebbleViewController.m in Sources */ = {isa = PBXBuildFile; fileRef = 52DBD1A81A8E003900384C8F /* FrebbleViewController.m */; };
		52E1FA4D1AB9CEEA0034C2E7 /* logo_frebble.png in Resources */ = {isa = PBXBuildFile; fileRef = 52E1FA4C1AB9CEEA0034C2E7 /* logo_frebble.png */; };
		52E1FA4F1AB9DB2A0034C2E7 /* icon.png in Resources */ = {isa = PBXBuildFile; fileRef = 52E1FA4E1AB9DB2A0034C2E7 /* icon.png */; };
		52F04A521AA89E010075E14D /* FrebbleSelectViewController.m in Sources */ = {isa = PBXBuildFile; fileRef = 52F04A511AA89E010075E14D /* FrebbleSelectViewController.m */; };
/* End PBXBuildFile section */

/* Begin PBXContainerItemProxy section */
		5242FB881A8CE02B003E088C /* PBXContainerItemProxy */ = {
			isa = PBXContainerItemProxy;
			containerPortal = 5242FB661A8CE02B003E088C /* Project object */;
			proxyType = 1;
			remoteGlobalIDString = 5242FB6D1A8CE02B003E088C;
			remoteInfo = frebble;
		};
/* End PBXContainerItemProxy section */

/* Begin PBXFileReference section */
		259A87E01BE28FD3000FE584 /* CreateAccountViewController.h */ = {isa = PBXFileReference; fileEncoding = 4; lastKnownFileType = sourcecode.c.h; path = CreateAccountViewController.h; sourceTree = "<group>"; };
		259A87E11BE28FD3000FE584 /* CreateAccountViewController.m */ = {isa = PBXFileReference; fileEncoding = 4; lastKnownFileType = sourcecode.c.objc; path = CreateAccountViewController.m; sourceTree = "<group>"; };
		25CECA9D1BE397D100B4EA0C /* Security.framework */ = {isa = PBXFileReference; lastKnownFileType = wrapper.framework; name = Security.framework; path = System/Library/Frameworks/Security.framework; sourceTree = SDKROOT; };
		25CECAA51BE3A01100B4EA0C /* Info.plist */ = {isa = PBXFileReference; fileEncoding = 4; lastKnownFileType = text.plist.xml; path = Info.plist; sourceTree = "<group>"; };
		25CECAA61BE3A01100B4EA0C /* UICKeyChainStore.h */ = {isa = PBXFileReference; fileEncoding = 4; lastKnownFileType = sourcecode.c.h; path = UICKeyChainStore.h; sourceTree = "<group>"; };
		25CECAA71BE3A01100B4EA0C /* UICKeyChainStore.m */ = {isa = PBXFileReference; fileEncoding = 4; lastKnownFileType = sourcecode.c.objc; path = UICKeyChainStore.m; sourceTree = "<group>"; };
		520D8C5F1AB0BA8700E6C1F8 /* LoginViewController.h */ = {isa = PBXFileReference; fileEncoding = 4; lastKnownFileType = sourcecode.c.h; path = LoginViewController.h; sourceTree = "<group>"; };
		520D8C601AB0BA8700E6C1F8 /* LoginViewController.m */ = {isa = PBXFileReference; fileEncoding = 4; lastKnownFileType = sourcecode.c.objc; path = LoginViewController.m; sourceTree = "<group>"; };
		5228F9451ABB4BB900DBD261 /* Default.png */ = {isa = PBXFileReference; lastKnownFileType = image.png; name = Default.png; path = images/Default.png; sourceTree = "<group>"; };
		5228F9461ABB4BB900DBD261 /* Default@2x.png */ = {isa = PBXFileReference; lastKnownFileType = image.png; name = "Default@2x.png"; path = "images/Default@2x.png"; sourceTree = "<group>"; };
		5228F9491ABB4F5600DBD261 /* splash_320x480.png */ = {isa = PBXFileReference; lastKnownFileType = image.png; name = splash_320x480.png; path = images/splash_320x480.png; sourceTree = "<group>"; };
		523FD7FA1AB0C44C009F63A7 /* Message.h */ = {isa = PBXFileReference; fileEncoding = 4; lastKnownFileType = sourcecode.c.h; path = Message.h; sourceTree = "<group>"; };
		523FD7FB1AB0C44C009F63A7 /* Message.m */ = {isa = PBXFileReference; fileEncoding = 4; lastKnownFileType = sourcecode.c.objc; path = Message.m; sourceTree = "<group>"; };
		5242FB6E1A8CE02B003E088C /* Frebble.app */ = {isa = PBXFileReference; explicitFileType = wrapper.application; includeInIndex = 0; path = Frebble.app; sourceTree = BUILT_PRODUCTS_DIR; };
		5242FB721A8CE02B003E088C /* Info.plist */ = {isa = PBXFileReference; lastKnownFileType = text.plist.xml; path = Info.plist; sourceTree = "<group>"; };
		5242FB731A8CE02B003E088C /* main.m */ = {isa = PBXFileReference; lastKnownFileType = sourcecode.c.objc; path = main.m; sourceTree = "<group>"; };
		5242FB751A8CE02B003E088C /* AppDelegate.h */ = {isa = PBXFileReference; lastKnownFileType = sourcecode.c.h; path = AppDelegate.h; sourceTree = "<group>"; };
		5242FB761A8CE02B003E088C /* AppDelegate.m */ = {isa = PBXFileReference; lastKnownFileType = sourcecode.c.objc; path = AppDelegate.m; sourceTree = "<group>"; };
		5242FB7C1A8CE02B003E088C /* Base */ = {isa = PBXFileReference; lastKnownFileType = file.storyboard; name = Base; path = Base.lproj/Main.storyboard; sourceTree = "<group>"; };
		5242FB7E1A8CE02B003E088C /* Images.xcassets */ = {isa = PBXFileReference; lastKnownFileType = folder.assetcatalog; path = Images.xcassets; sourceTree = "<group>"; };
		5242FB811A8CE02B003E088C /* Base */ = {isa = PBXFileReference; lastKnownFileType = file.xib; name = Base; path = Base.lproj/LaunchScreen.xib; sourceTree = "<group>"; };
		5242FB871A8CE02B003E088C /* FrebbleTests.xctest */ = {isa = PBXFileReference; explicitFileType = wrapper.cfbundle; includeInIndex = 0; path = FrebbleTests.xctest; sourceTree = BUILT_PRODUCTS_DIR; };
		5242FB8C1A8CE02B003E088C /* Info.plist */ = {isa = PBXFileReference; lastKnownFileType = text.plist.xml; path = Info.plist; sourceTree = "<group>"; };
		5242FB8D1A8CE02B003E088C /* frebbleTests.m */ = {isa = PBXFileReference; lastKnownFileType = sourcecode.c.objc; path = frebbleTests.m; sourceTree = "<group>"; };
		528208041AB0B26100AB3806 /* UIViewControllerFrebble.h */ = {isa = PBXFileReference; fileEncoding = 4; lastKnownFileType = sourcecode.c.h; path = UIViewControllerFrebble.h; sourceTree = "<group>"; };
		528208051AB0B26100AB3806 /* UIViewControllerFrebble.m */ = {isa = PBXFileReference; fileEncoding = 4; lastKnownFileType = sourcecode.c.objc; path = UIViewControllerFrebble.m; sourceTree = "<group>"; };
		52AF91371ABB44CF00AE58B1 /* icon_76.png */ = {isa = PBXFileReference; lastKnownFileType = image.png; path = icon_76.png; sourceTree = "<group>"; };
		52AF91381ABB44CF00AE58B1 /* icon_120.png */ = {isa = PBXFileReference; lastKnownFileType = image.png; path = icon_120.png; sourceTree = "<group>"; };
		52AF91391ABB44CF00AE58B1 /* icon_152.png */ = {isa = PBXFileReference; lastKnownFileType = image.png; path = icon_152.png; sourceTree = "<group>"; };
		52C0F3551AA8BFE50004C9D2 /* Connection.h */ = {isa = PBXFileReference; fileEncoding = 4; lastKnownFileType = sourcecode.c.h; path = Connection.h; sourceTree = "<group>"; };
		52C0F3561AA8BFE50004C9D2 /* Connection.m */ = {isa = PBXFileReference; fileEncoding = 4; lastKnownFileType = sourcecode.c.objc; path = Connection.m; sourceTree = "<group>"; };
		52C0F3581AA8C0750004C9D2 /* ConnectionDelegate.h */ = {isa = PBXFileReference; lastKnownFileType = sourcecode.c.h; path = ConnectionDelegate.h; sourceTree = "<group>"; };
		52C812F51AB9A8F400946E8E /* balletjes.png */ = {isa = PBXFileReference; lastKnownFileType = image.png; path = balletjes.png; sourceTree = "<group>"; };
		52C812F71AB9B08300946E8E /* button.png */ = {isa = PBXFileReference; lastKnownFileType = image.png; path = button.png; sourceTree = "<group>"; };
		52C8B7501AB3899F00861213 /* InvitingViewController.h */ = {isa = PBXFileReference; fileEncoding = 4; lastKnownFileType = sourcecode.c.h; path = InvitingViewController.h; sourceTree = "<group>"; };
		52C8B7511AB3899F00861213 /* InvitingViewController.m */ = {isa = PBXFileReference; fileEncoding = 4; lastKnownFileType = sourcecode.c.objc; path = InvitingViewController.m; sourceTree = "<group>"; };
		52C8B7531AB41CBE00861213 /* InvitedViewController.h */ = {isa = PBXFileReference; fileEncoding = 4; lastKnownFileType = sourcecode.c.h; path = InvitedViewController.h; sourceTree = "<group>"; };
		52C8B7541AB41CBE00861213 /* InvitedViewController.m */ = {isa = PBXFileReference; fileEncoding = 4; lastKnownFileType = sourcecode.c.objc; path = InvitedViewController.m; sourceTree = "<group>"; };
		52C8B7561AB6140B00861213 /* SessionViewController.h */ = {isa = PBXFileReference; fileEncoding = 4; lastKnownFileType = sourcecode.c.h; path = SessionViewController.h; sourceTree = "<group>"; };
		52C8B7571AB6140B00861213 /* SessionViewController.m */ = {isa = PBXFileReference; fileEncoding = 4; lastKnownFileType = sourcecode.c.objc; path = SessionViewController.m; sourceTree = "<group>"; };
		52C999CA1AB6267B00D01D36 /* FrebbleDelegate.h */ = {isa = PBXFileReference; fileEncoding = 4; lastKnownFileType = sourcecode.c.h; path = FrebbleDelegate.h; sourceTree = "<group>"; };
		52CA1F011AA4680000F05CD0 /* defaults.h */ = {isa = PBXFileReference; lastKnownFileType = sourcecode.c.h; path = defaults.h; sourceTree = "<group>"; };
		52D7B44E1AB75A750057E785 /* FrebbleConnectViewController.h */ = {isa = PBXFileReference; fileEncoding = 4; lastKnownFileType = sourcecode.c.h; path = FrebbleConnectViewController.h; sourceTree = "<group>"; };
		52D7B44F1AB75A750057E785 /* FrebbleConnectViewController.m */ = {isa = PBXFileReference; fileEncoding = 4; lastKnownFileType = sourcecode.c.objc; path = FrebbleConnectViewController.m; sourceTree = "<group>"; };
		52D7B4501AB75A750057E785 /* FrebbleConnectViewController.xib */ = {isa = PBXFileReference; fileEncoding = 4; lastKnownFileType = file.xib; path = FrebbleConnectViewController.xib; sourceTree = "<group>"; };
		52D7CC251A91FF190036955A /* Frebble.h */ = {isa = PBXFileReference; fileEncoding = 4; lastKnownFileType = sourcecode.c.h; path = Frebble.h; sourceTree = "<group>"; };
		52D7CC261A91FF190036955A /* Frebble.m */ = {isa = PBXFileReference; fileEncoding = 4; lastKnownFileType = sourcecode.c.objc; path = Frebble.m; sourceTree = "<group>"; };
		52DBD1A71A8E003900384C8F /* FrebbleViewController.h */ = {isa = PBXFileReference; fileEncoding = 4; lastKnownFileType = sourcecode.c.h; path = FrebbleViewController.h; sourceTree = "<group>"; };
		52DBD1A81A8E003900384C8F /* FrebbleViewController.m */ = {isa = PBXFileReference; fileEncoding = 4; lastKnownFileType = sourcecode.c.objc; path = FrebbleViewController.m; sourceTree = "<group>"; };
		52E1FA4C1AB9CEEA0034C2E7 /* logo_frebble.png */ = {isa = PBXFileReference; lastKnownFileType = image.png; path = logo_frebble.png; sourceTree = "<group>"; };
		52E1FA4E1AB9DB2A0034C2E7 /* icon.png */ = {isa = PBXFileReference; lastKnownFileType = image.png; path = icon.png; sourceTree = "<group>"; };
		52F04A501AA89DF80075E14D /* FrebbleSelectViewController.h */ = {isa = PBXFileReference; fileEncoding = 4; lastKnownFileType = sourcecode.c.h; path = FrebbleSelectViewController.h; sourceTree = "<group>"; };
		52F04A511AA89E010075E14D /* FrebbleSelectViewController.m */ = {isa = PBXFileReference; fileEncoding = 4; lastKnownFileType = sourcecode.c.objc; path = FrebbleSelectViewController.m; sourceTree = "<group>"; };
/* End PBXFileReference section */

/* Begin PBXFrameworksBuildPhase section */
		5242FB6B1A8CE02B003E088C /* Frameworks */ = {
			isa = PBXFrameworksBuildPhase;
			buildActionMask = 2147483647;
			files = (
				25CECA9E1BE397D100B4EA0C /* Security.framework in Frameworks */,
			);
			runOnlyForDeploymentPostprocessing = 0;
		};
		5242FB841A8CE02B003E088C /* Frameworks */ = {
			isa = PBXFrameworksBuildPhase;
			buildActionMask = 2147483647;
			files = (
			);
			runOnlyForDeploymentPostprocessing = 0;
		};
/* End PBXFrameworksBuildPhase section */

/* Begin PBXGroup section */
		25547AD31BB41F160010CDCD /* VideoConference */ = {
			isa = PBXGroup;
			children = (
			);
			name = VideoConference;
			sourceTree = "<group>";
		};
		25CECAA41BE3A01100B4EA0C /* UICKeyChainStore */ = {
			isa = PBXGroup;
			children = (
				25CECAA51BE3A01100B4EA0C /* Info.plist */,
				25CECAA61BE3A01100B4EA0C /* UICKeyChainStore.h */,
				25CECAA71BE3A01100B4EA0C /* UICKeyChainStore.m */,
			);
			path = UICKeyChainStore;
			sourceTree = "<group>";
		};
		5242FB651A8CE02B003E088C = {
			isa = PBXGroup;
			children = (
				25CECA9D1BE397D100B4EA0C /* Security.framework */,
				5242FB701A8CE02B003E088C /* frebble */,
				5242FB8A1A8CE02B003E088C /* frebbleTests */,
				5242FB6F1A8CE02B003E088C /* Products */,
			);
			sourceTree = "<group>";
		};
		5242FB6F1A8CE02B003E088C /* Products */ = {
			isa = PBXGroup;
			children = (
				5242FB6E1A8CE02B003E088C /* Frebble.app */,
				5242FB871A8CE02B003E088C /* FrebbleTests.xctest */,
			);
			name = Products;
			sourceTree = "<group>";
		};
		5242FB701A8CE02B003E088C /* frebble */ = {
			isa = PBXGroup;
			children = (
				25547AD31BB41F160010CDCD /* VideoConference */,
				5242FB7B1A8CE02B003E088C /* Main.storyboard */,
				52D7B44E1AB75A750057E785 /* FrebbleConnectViewController.h */,
				52D7B44F1AB75A750057E785 /* FrebbleConnectViewController.m */,
				52D7B4501AB75A750057E785 /* FrebbleConnectViewController.xib */,
				52C812F41AB9A8F400946E8E /* images */,
				52C8B7531AB41CBE00861213 /* InvitedViewController.h */,
				52C8B7541AB41CBE00861213 /* InvitedViewController.m */,
				52C8B7501AB3899F00861213 /* InvitingViewController.h */,
				52C8B7511AB3899F00861213 /* InvitingViewController.m */,
				52F04A501AA89DF80075E14D /* FrebbleSelectViewController.h */,
				52F04A511AA89E010075E14D /* FrebbleSelectViewController.m */,
				5242FB751A8CE02B003E088C /* AppDelegate.h */,
				5242FB761A8CE02B003E088C /* AppDelegate.m */,
				52C0F3551AA8BFE50004C9D2 /* Connection.h */,
				52C0F3561AA8BFE50004C9D2 /* Connection.m */,
				52C0F3581AA8C0750004C9D2 /* ConnectionDelegate.h */,
				52C8B7561AB6140B00861213 /* SessionViewController.h */,
				52C8B7571AB6140B00861213 /* SessionViewController.m */,
				52D7CC251A91FF190036955A /* Frebble.h */,
				52D7CC261A91FF190036955A /* Frebble.m */,
				52C999CA1AB6267B00D01D36 /* FrebbleDelegate.h */,
				52DBD1A71A8E003900384C8F /* FrebbleViewController.h */,
				25CECAA41BE3A01100B4EA0C /* UICKeyChainStore */,
				52DBD1A81A8E003900384C8F /* FrebbleViewController.m */,
				528208041AB0B26100AB3806 /* UIViewControllerFrebble.h */,
				528208051AB0B26100AB3806 /* UIViewControllerFrebble.m */,
				5242FB7E1A8CE02B003E088C /* Images.xcassets */,
				5242FB801A8CE02B003E088C /* LaunchScreen.xib */,
				520D8C5F1AB0BA8700E6C1F8 /* LoginViewController.h */,
				520D8C601AB0BA8700E6C1F8 /* LoginViewController.m */,
				52CA1F011AA4680000F05CD0 /* defaults.h */,
				523FD7FA1AB0C44C009F63A7 /* Message.h */,
				523FD7FB1AB0C44C009F63A7 /* Message.m */,
				5242FB711A8CE02B003E088C /* Supporting Files */,
				259A87E01BE28FD3000FE584 /* CreateAccountViewController.h */,
				259A87E11BE28FD3000FE584 /* CreateAccountViewController.m */,
			);
			path = frebble;
			sourceTree = "<group>";
		};
		5242FB711A8CE02B003E088C /* Supporting Files */ = {
			isa = PBXGroup;
			children = (
				5228F9451ABB4BB900DBD261 /* Default.png */,
				5228F9461ABB4BB900DBD261 /* Default@2x.png */,
				5242FB721A8CE02B003E088C /* Info.plist */,
				5228F9491ABB4F5600DBD261 /* splash_320x480.png */,
				5242FB731A8CE02B003E088C /* main.m */,
			);
			name = "Supporting Files";
			sourceTree = "<group>";
		};
		5242FB8A1A8CE02B003E088C /* frebbleTests */ = {
			isa = PBXGroup;
			children = (
				5242FB8D1A8CE02B003E088C /* frebbleTests.m */,
				5242FB8B1A8CE02B003E088C /* Supporting Files */,
			);
			path = frebbleTests;
			sourceTree = "<group>";
		};
		5242FB8B1A8CE02B003E088C /* Supporting Files */ = {
			isa = PBXGroup;
			children = (
				5242FB8C1A8CE02B003E088C /* Info.plist */,
			);
			name = "Supporting Files";
			sourceTree = "<group>";
		};
		52C812F41AB9A8F400946E8E /* images */ = {
			isa = PBXGroup;
			children = (
				52AF91371ABB44CF00AE58B1 /* icon_76.png */,
				52AF91381ABB44CF00AE58B1 /* icon_120.png */,
				52AF91391ABB44CF00AE58B1 /* icon_152.png */,
				52E1FA4E1AB9DB2A0034C2E7 /* icon.png */,
				52E1FA4C1AB9CEEA0034C2E7 /* logo_frebble.png */,
				52C812F71AB9B08300946E8E /* button.png */,
				52C812F51AB9A8F400946E8E /* balletjes.png */,
			);
			path = images;
			sourceTree = "<group>";
		};
/* End PBXGroup section */

/* Begin PBXNativeTarget section */
		5242FB6D1A8CE02B003E088C /* Frebble */ = {
			isa = PBXNativeTarget;
			buildConfigurationList = 5242FB911A8CE02B003E088C /* Build configuration list for PBXNativeTarget "Frebble" */;
			buildPhases = (
				5242FB6A1A8CE02B003E088C /* Sources */,
				5242FB6B1A8CE02B003E088C /* Frameworks */,
				5242FB6C1A8CE02B003E088C /* Resources */,
			);
			buildRules = (
			);
			dependencies = (
			);
			name = Frebble;
			productName = frebble;
			productReference = 5242FB6E1A8CE02B003E088C /* Frebble.app */;
			productType = "com.apple.product-type.application";
		};
		5242FB861A8CE02B003E088C /* FrebbleTests */ = {
			isa = PBXNativeTarget;
			buildConfigurationList = 5242FB941A8CE02B003E088C /* Build configuration list for PBXNativeTarget "FrebbleTests" */;
			buildPhases = (
				5242FB831A8CE02B003E088C /* Sources */,
				5242FB841A8CE02B003E088C /* Frameworks */,
				5242FB851A8CE02B003E088C /* Resources */,
			);
			buildRules = (
			);
			dependencies = (
				5242FB891A8CE02B003E088C /* PBXTargetDependency */,
			);
			name = FrebbleTests;
			productName = frebbleTests;
			productReference = 5242FB871A8CE02B003E088C /* FrebbleTests.xctest */;
			productType = "com.apple.product-type.bundle.unit-test";
		};
/* End PBXNativeTarget section */

/* Begin PBXProject section */
		5242FB661A8CE02B003E088C /* Project object */ = {
			isa = PBXProject;
			attributes = {
				LastUpgradeCheck = 0710;
				ORGANIZATIONNAME = HollandHaptics;
				TargetAttributes = {
					5242FB6D1A8CE02B003E088C = {
						CreatedOnToolsVersion = 6.1.1;
						DevelopmentTeam = UL287F2HSG;
					};
					5242FB861A8CE02B003E088C = {
						CreatedOnToolsVersion = 6.1.1;
						TestTargetID = 5242FB6D1A8CE02B003E088C;
					};
				};
			};
			buildConfigurationList = 5242FB691A8CE02B003E088C /* Build configuration list for PBXProject "Frebble" */;
			compatibilityVersion = "Xcode 3.2";
			developmentRegion = English;
			hasScannedForEncodings = 0;
			knownRegions = (
				en,
				Base,
			);
			mainGroup = 5242FB651A8CE02B003E088C;
			productRefGroup = 5242FB6F1A8CE02B003E088C /* Products */;
			projectDirPath = "";
			projectRoot = "";
			targets = (
				5242FB6D1A8CE02B003E088C /* Frebble */,
				5242FB861A8CE02B003E088C /* FrebbleTests */,
			);
		};
/* End PBXProject section */

/* Begin PBXResourcesBuildPhase section */
		5242FB6C1A8CE02B003E088C /* Resources */ = {
			isa = PBXResourcesBuildPhase;
			buildActionMask = 2147483647;
			files = (
				52C812F61AB9A8F400946E8E /* balletjes.png in Resources */,
				52C812F81AB9B08300946E8E /* button.png in Resources */,
				52E1FA4D1AB9CEEA0034C2E7 /* logo_frebble.png in Resources */,
				52D7B4521AB75A750057E785 /* FrebbleConnectViewController.xib in Resources */,
				5228F9481ABB4BB900DBD261 /* Default@2x.png in Resources */,
				52E1FA4F1AB9DB2A0034C2E7 /* icon.png in Resources */,
				52AF913A1ABB44CF00AE58B1 /* icon_76.png in Resources */,
				52AF913B1ABB44CF00AE58B1 /* icon_120.png in Resources */,
				25CECAA81BE3A01100B4EA0C /* Info.plist in Resources */,
				5228F94A1ABB4F5600DBD261 /* splash_320x480.png in Resources */,
				5228F9471ABB4BB900DBD261 /* Default.png in Resources */,
				52AF913C1ABB44CF00AE58B1 /* icon_152.png in Resources */,
				5242FB7D1A8CE02B003E088C /* Main.storyboard in Resources */,
				5242FB821A8CE02B003E088C /* LaunchScreen.xib in Resources */,
				5242FB7F1A8CE02B003E088C /* Images.xcassets in Resources */,
			);
			runOnlyForDeploymentPostprocessing = 0;
		};
		5242FB851A8CE02B003E088C /* Resources */ = {
			isa = PBXResourcesBuildPhase;
			buildActionMask = 2147483647;
			files = (
			);
			runOnlyForDeploymentPostprocessing = 0;
		};
/* End PBXResourcesBuildPhase section */

/* Begin PBXSourcesBuildPhase section */
		5242FB6A1A8CE02B003E088C /* Sources */ = {
			isa = PBXSourcesBuildPhase;
			buildActionMask = 2147483647;
			files = (
				520D8C611AB0BA8700E6C1F8 /* LoginViewController.m in Sources */,
				5242FB771A8CE02B003E088C /* AppDelegate.m in Sources */,
				52DBD1A91A8E003900384C8F /* FrebbleViewController.m in Sources */,
				52C0F3571AA8BFE50004C9D2 /* Connection.m in Sources */,
				5242FB741A8CE02B003E088C /* main.m in Sources */,
				52C8B7581AB6140B00861213 /* SessionViewController.m in Sources */,
				52F04A521AA89E010075E14D /* FrebbleSelectViewController.m in Sources */,
				52C8B7521AB3899F00861213 /* InvitingViewController.m in Sources */,
				25CECAA91BE3A01100B4EA0C /* UICKeyChainStore.m in Sources */,
				259A87E21BE28FD3000FE584 /* CreateAccountViewController.m in Sources */,
				52D7CC271A91FF190036955A /* Frebble.m in Sources */,
				523FD7FC1AB0C44C009F63A7 /* Message.m in Sources */,
				528208061AB0B26100AB3806 /* UIViewControllerFrebble.m in Sources */,
				52C8B7551AB41CBE00861213 /* InvitedViewController.m in Sources */,
				52D7B4511AB75A750057E785 /* FrebbleConnectViewController.m in Sources */,
			);
			runOnlyForDeploymentPostprocessing = 0;
		};
		5242FB831A8CE02B003E088C /* Sources */ = {
			isa = PBXSourcesBuildPhase;
			buildActionMask = 2147483647;
			files = (
				5242FB8E1A8CE02B003E088C /* frebbleTests.m in Sources */,
			);
			runOnlyForDeploymentPostprocessing = 0;
		};
/* End PBXSourcesBuildPhase section */

/* Begin PBXTargetDependency section */
		5242FB891A8CE02B003E088C /* PBXTargetDependency */ = {
			isa = PBXTargetDependency;
			target = 5242FB6D1A8CE02B003E088C /* Frebble */;
			targetProxy = 5242FB881A8CE02B003E088C /* PBXContainerItemProxy */;
		};
/* End PBXTargetDependency section */

/* Begin PBXVariantGroup section */
		5242FB7B1A8CE02B003E088C /* Main.storyboard */ = {
			isa = PBXVariantGroup;
			children = (
				5242FB7C1A8CE02B003E088C /* Base */,
			);
			name = Main.storyboard;
			sourceTree = "<group>";
		};
		5242FB801A8CE02B003E088C /* LaunchScreen.xib */ = {
			isa = PBXVariantGroup;
			children = (
				5242FB811A8CE02B003E088C /* Base */,
			);
			name = LaunchScreen.xib;
			sourceTree = "<group>";
		};
/* End PBXVariantGroup section */

/* Begin XCBuildConfiguration section */
		5242FB8F1A8CE02B003E088C /* Debug */ = {
			isa = XCBuildConfiguration;
			buildSettings = {
				ALWAYS_SEARCH_USER_PATHS = NO;
				CLANG_CXX_LANGUAGE_STANDARD = "gnu++0x";
				CLANG_CXX_LIBRARY = "libc++";
				CLANG_ENABLE_MODULES = YES;
				CLANG_ENABLE_OBJC_ARC = YES;
				CLANG_WARN_BOOL_CONVERSION = YES;
				CLANG_WARN_CONSTANT_CONVERSION = YES;
				CLANG_WARN_DIRECT_OBJC_ISA_USAGE = YES_ERROR;
				CLANG_WARN_EMPTY_BODY = YES;
				CLANG_WARN_ENUM_CONVERSION = YES;
				CLANG_WARN_INT_CONVERSION = YES;
				CLANG_WARN_OBJC_ROOT_CLASS = YES_ERROR;
				CLANG_WARN_UNREACHABLE_CODE = YES;
				CLANG_WARN__DUPLICATE_METHOD_MATCH = YES;
				"CODE_SIGN_IDENTITY[sdk=iphoneos*]" = "iPhone Developer";
				COPY_PHASE_STRIP = NO;
				ENABLE_STRICT_OBJC_MSGSEND = YES;
				ENABLE_TESTABILITY = YES;
				GCC_C_LANGUAGE_STANDARD = gnu99;
				GCC_DYNAMIC_NO_PIC = NO;
				GCC_OPTIMIZATION_LEVEL = 0;
				GCC_PREPROCESSOR_DEFINITIONS = (
					"DEBUG=1",
					"$(inherited)",
				);
				GCC_SYMBOLS_PRIVATE_EXTERN = NO;
				GCC_WARN_64_TO_32_BIT_CONVERSION = YES;
				GCC_WARN_ABOUT_RETURN_TYPE = YES_ERROR;
				GCC_WARN_UNDECLARED_SELECTOR = YES;
				GCC_WARN_UNINITIALIZED_AUTOS = YES_AGGRESSIVE;
				GCC_WARN_UNUSED_FUNCTION = YES;
				GCC_WARN_UNUSED_VARIABLE = YES;
				IPHONEOS_DEPLOYMENT_TARGET = 8.3;
				MTL_ENABLE_DEBUG_INFO = YES;
				ONLY_ACTIVE_ARCH = YES;
				SDKROOT = iphoneos;
				TARGETED_DEVICE_FAMILY = "1,2";
			};
			name = Debug;
		};
		5242FB901A8CE02B003E088C /* Release */ = {
			isa = XCBuildConfiguration;
			buildSettings = {
				ALWAYS_SEARCH_USER_PATHS = NO;
				CLANG_CXX_LANGUAGE_STANDARD = "gnu++0x";
				CLANG_CXX_LIBRARY = "libc++";
				CLANG_ENABLE_MODULES = YES;
				CLANG_ENABLE_OBJC_ARC = YES;
				CLANG_WARN_BOOL_CONVERSION = YES;
				CLANG_WARN_CONSTANT_CONVERSION = YES;
				CLANG_WARN_DIRECT_OBJC_ISA_USAGE = YES_ERROR;
				CLANG_WARN_EMPTY_BODY = YES;
				CLANG_WARN_ENUM_CONVERSION = YES;
				CLANG_WARN_INT_CONVERSION = YES;
				CLANG_WARN_OBJC_ROOT_CLASS = YES_ERROR;
				CLANG_WARN_UNREACHABLE_CODE = YES;
				CLANG_WARN__DUPLICATE_METHOD_MATCH = YES;
				"CODE_SIGN_IDENTITY[sdk=iphoneos*]" = "iPhone Developer";
				COPY_PHASE_STRIP = YES;
				ENABLE_NS_ASSERTIONS = NO;
				ENABLE_STRICT_OBJC_MSGSEND = YES;
				GCC_C_LANGUAGE_STANDARD = gnu99;
				GCC_WARN_64_TO_32_BIT_CONVERSION = YES;
				GCC_WARN_ABOUT_RETURN_TYPE = YES_ERROR;
				GCC_WARN_UNDECLARED_SELECTOR = YES;
				GCC_WARN_UNINITIALIZED_AUTOS = YES_AGGRESSIVE;
				GCC_WARN_UNUSED_FUNCTION = YES;
				GCC_WARN_UNUSED_VARIABLE = YES;
				IPHONEOS_DEPLOYMENT_TARGET = 8.3;
				MTL_ENABLE_DEBUG_INFO = NO;
				SDKROOT = iphoneos;
				TARGETED_DEVICE_FAMILY = "1,2";
				VALIDATE_PRODUCT = YES;
			};
			name = Release;
		};
		5242FB921A8CE02B003E088C /* Debug */ = {
			isa = XCBuildConfiguration;
			buildSettings = {
				ASSETCATALOG_COMPILER_APPICON_NAME = AppIcon;
				ASSETCATALOG_COMPILER_LAUNCHIMAGE_NAME = LaunchImage;
				CODE_SIGN_IDENTITY = "iPhone Developer";
				"CODE_SIGN_IDENTITY[sdk=iphoneos*]" = "iPhone Developer";
				FRAMEWORK_SEARCH_PATHS = (
					"$(inherited)",
					"$(PROJECT_DIR)/lib",
				);
				INFOPLIST_FILE = frebble/Info.plist;
				IPHONEOS_DEPLOYMENT_TARGET = 8.3;
				LD_RUNPATH_SEARCH_PATHS = "$(inherited) @executable_path/Frameworks";
				OTHER_LDFLAGS = "-ObjC";
				PRODUCT_BUNDLE_IDENTIFIER = com.hollandhaptics.frebble;
				PRODUCT_NAME = "$(TARGET_NAME)";
				PROVISIONING_PROFILE = "";
				TARGETED_DEVICE_FAMILY = 1;
			};
			name = Debug;
		};
		5242FB931A8CE02B003E088C /* Release */ = {
			isa = XCBuildConfiguration;
			buildSettings = {
				ASSETCATALOG_COMPILER_APPICON_NAME = AppIcon;
				ASSETCATALOG_COMPILER_LAUNCHIMAGE_NAME = LaunchImage;
				CODE_SIGN_IDENTITY = "iPhone Developer";
				"CODE_SIGN_IDENTITY[sdk=iphoneos*]" = "iPhone Developer";
				FRAMEWORK_SEARCH_PATHS = (
					"$(inherited)",
					"$(PROJECT_DIR)/lib",
				);
				INFOPLIST_FILE = frebble/Info.plist;
				IPHONEOS_DEPLOYMENT_TARGET = 8.3;
				LD_RUNPATH_SEARCH_PATHS = "$(inherited) @executable_path/Frameworks";
				OTHER_LDFLAGS = "-ObjC";
				PRODUCT_BUNDLE_IDENTIFIER = com.hollandhaptics.frebble;
				PRODUCT_NAME = "$(TARGET_NAME)";
				PROVISIONING_PROFILE = "";
				TARGETED_DEVICE_FAMILY = 1;
			};
			name = Release;
		};
		5242FB951A8CE02B003E088C /* Debug */ = {
			isa = XCBuildConfiguration;
			buildSettings = {
				BUNDLE_LOADER = "$(TEST_HOST)";
				FRAMEWORK_SEARCH_PATHS = (
					"$(SDKROOT)/Developer/Library/Frameworks",
					"$(inherited)",
				);
				GCC_PREPROCESSOR_DEFINITIONS = (
					"DEBUG=1",
					"$(inherited)",
				);
				INFOPLIST_FILE = frebbleTests/Info.plist;
				LD_RUNPATH_SEARCH_PATHS = "$(inherited) @executable_path/Frameworks @loader_path/Frameworks";
				PRODUCT_BUNDLE_IDENTIFIER = "com.hollandhaptics.$(PRODUCT_NAME:rfc1034identifier)";
				PRODUCT_NAME = "$(TARGET_NAME)";
				TEST_HOST = "$(BUILT_PRODUCTS_DIR)/frebble.app/frebble";
			};
			name = Debug;
		};
		5242FB961A8CE02B003E088C /* Release */ = {
			isa = XCBuildConfiguration;
			buildSettings = {
				BUNDLE_LOADER = "$(TEST_HOST)";
				FRAMEWORK_SEARCH_PATHS = (
					"$(SDKROOT)/Developer/Library/Frameworks",
					"$(inherited)",
				);
				INFOPLIST_FILE = frebbleTests/Info.plist;
				LD_RUNPATH_SEARCH_PATHS = "$(inherited) @executable_path/Frameworks @loader_path/Frameworks";
				PRODUCT_BUNDLE_IDENTIFIER = "com.hollandhaptics.$(PRODUCT_NAME:rfc1034identifier)";
				PRODUCT_NAME = "$(TARGET_NAME)";
				TEST_HOST = "$(BUILT_PRODUCTS_DIR)/frebble.app/frebble";
			};
			name = Release;
		};
/* End XCBuildConfiguration section */

/* Begin XCConfigurationList section */
		5242FB691A8CE02B003E088C /* Build configuration list for PBXProject "Frebble" */ = {
			isa = XCConfigurationList;
			buildConfigurations = (
				5242FB8F1A8CE02B003E088C /* Debug */,
				5242FB901A8CE02B003E088C /* Release */,
			);
			defaultConfigurationIsVisible = 0;
			defaultConfigurationName = Release;
		};
		5242FB911A8CE02B003E088C /* Build configuration list for PBXNativeTarget "Frebble" */ = {
			isa = XCConfigurationList;
			buildConfigurations = (
				5242FB921A8CE02B003E088C /* Debug */,
				5242FB931A8CE02B003E088C /* Release */,
			);
			defaultConfigurationIsVisible = 0;
			defaultConfigurationName = Release;
		};
		5242FB941A8CE02B003E088C /* Build configuration list for PBXNativeTarget "FrebbleTests" */ = {
			isa = XCConfigurationList;
			buildConfigurations = (
				5242FB951A8CE02B003E088C /* Debug */,
				5242FB961A8CE02B003E088C /* Release */,
			);
			defaultConfigurationIsVisible = 0;
			defaultConfigurationName = Release;
		};
/* End XCConfigurationList section */
	};
	rootObject = 5242FB661A8CE02B003E088C /* Project object */;
}
